{
  "lockfileVersion": 1,
  "configVersion": 1,
  "workspaces": {
    "": {
      "name": "xhs-scraper",
      "dependencies": {
        "z-ai-web-dev-sdk": "^0.0.17",
      },
    },
  },
  "packages": {
    "z-ai-web-dev-sdk": ["z-ai-web-dev-sdk@0.0.17", "", { "bin": { "z-ai": "dist/cli.js", "z-ai-generate": "dist/cli.js" } }, "sha512-K86s7ixHpqIM5D3wmxlGKR9Kp6QnBYn0K9TcE7YGr84kejR7utpBixJlQlkwAdqML5pfhOCNixTb2trhHIeUbg=="],
  }
}
